
Microsoft Visual Studio Solution File, Format Version 12.00
# Visual Studio 15
VisualStudioVersion = 15.0.27703.2042
MinimumVisualStudioVersion = 10.0.40219.1
Project("{FAE04EC0-301F-11D3-BF4B-00C04F79EFBC}") = "VendingMachineNew", "VendingMachineNew\VendingMachineNew.csproj", "{CFECBDE5-7106-4B7A-9606-F45281C2D2F5}"
EndProject
Project("{FAE04EC0-301F-11D3-BF4B-00C04F79EFBC}") = "VendingMachineNew.Tests", "VendingMachineNew.Tests\VendingMachineNew.Tests.csproj", "{3F97D4C7-6591-4CB9-AD63-5DFF0880632B}"
EndProject
Global
	GlobalSection(SolutionConfigurationPlatforms) = preSolution
		Debug|Any CPU = Debug|Any CPU
		Release|Any CPU = Release|Any CPU
	EndGlobalSection
	GlobalSection(ProjectConfigurationPlatforms) = postSolution
		{CFECBDE5-7106-4B7A-9606-F45281C2D2F5}.Debug|Any CPU.ActiveCfg = Debug|Any CPU
		{CFECBDE5-7106-4B7A-9606-F45281C2D2F5}.Debug|Any CPU.Build.0 = Debug|Any CPU
		{CFECBDE5-7106-4B7A-9606-F45281C2D2F5}.Release|Any CPU.ActiveCfg = Release|Any CPU
		{CFECBDE5-7106-4B7A-9606-F45281C2D2F5}.Release|Any CPU.Build.0 = Release|Any CPU
		{3F97D4C7-6591-4CB9-AD63-5DFF0880632B}.Debug|Any CPU.ActiveCfg = Debug|Any CPU
		{3F97D4C7-6591-4CB9-AD63-5DFF0880632B}.Debug|Any CPU.Build.0 = Debug|Any CPU
		{3F97D4C7-6591-4CB9-AD63-5DFF0880632B}.Release|Any CPU.ActiveCfg = Release|Any CPU
		{3F97D4C7-6591-4CB9-AD63-5DFF0880632B}.Release|Any CPU.Build.0 = Release|Any CPU
	EndGlobalSection
	GlobalSection(SolutionProperties) = preSolution
		HideSolutionNode = FALSE
	EndGlobalSection
	GlobalSection(ExtensibilityGlobals) = postSolution
		SolutionGuid = {E238FEB3-E1F8-4175-91D0-C0144CBEDEBE}
	EndGlobalSection
EndGlobal
